
Microsoft Visual Studio Solution File, Format Version 12.00
# Visual Studio Version 16
VisualStudioVersion = 16.0.30517.126
MinimumVisualStudioVersion = 10.0.40219.1
Project("{FAE04EC0-301F-11D3-BF4B-00C04F79EFBC}") = "ReflectionTypes", "ReflectionTypes\ReflectionTypes.csproj", "{FF1D05F4-463A-4830-A21C-ACE185085D2B}"
EndProject
Global
	GlobalSection(SolutionConfigurationPlatforms) = preSolution
		Debug|Any CPU = Debug|Any CPU
		Release|Any CPU = Release|Any CPU
	EndGlobalSection
	GlobalSection(ProjectConfigurationPlatforms) = postSolution
		{FF1D05F4-463A-4830-A21C-ACE185085D2B}.Debug|Any CPU.ActiveCfg = Debug|Any CPU
		{FF1D05F4-463A-4830-A21C-ACE185085D2B}.Debug|Any CPU.Build.0 = Debug|Any CPU
		{FF1D05F4-463A-4830-A21C-ACE185085D2B}.Release|Any CPU.ActiveCfg = Release|Any CPU
		{FF1D05F4-463A-4830-A21C-ACE185085D2B}.Release|Any CPU.Build.0 = Release|Any CPU
	EndGlobalSection
	GlobalSection(SolutionProperties) = preSolution
		HideSolutionNode = FALSE
	EndGlobalSection
	GlobalSection(ExtensibilityGlobals) = postSolution
		SolutionGuid = {4E9DA23C-39DA-45DA-B6E8-3B555C852F5A}
	EndGlobalSection
EndGlobal
